
Microsoft Visual Studio Solution File, Format Version 12.00
# Visual Studio Version 17
VisualStudioVersion = 17.3.32901.215
MinimumVisualStudioVersion = 10.0.40219.1
Project("{9A19103F-16F7-4668-BE54-9A1E7A4F7556}") = "CLI", "CLI\CLI.csproj", "{6F097608-AF9A-4926-A5D4-0B42776A911C}"
EndProject
Project("{FAE04EC0-301F-11D3-BF4B-00C04F79EFBC}") = "CLI.Tests", "CLI.Tests\CLI.Tests.csproj", "{EB877F57-4555-44B6-B5F8-83A54DDD408A}"
EndProject
Global
	GlobalSection(SolutionConfigurationPlatforms) = preSolution
		Debug|Any CPU = Debug|Any CPU
		Release|Any CPU = Release|Any CPU
	EndGlobalSection
	GlobalSection(ProjectConfigurationPlatforms) = postSolution
		{6F097608-AF9A-4926-A5D4-0B42776A911C}.Debug|Any CPU.ActiveCfg = Debug|Any CPU
		{6F097608-AF9A-4926-A5D4-0B42776A911C}.Debug|Any CPU.Build.0 = Debug|Any CPU
		{6F097608-AF9A-4926-A5D4-0B42776A911C}.Release|Any CPU.ActiveCfg = Release|Any CPU
		{6F097608-AF9A-4926-A5D4-0B42776A911C}.Release|Any CPU.Build.0 = Release|Any CPU
		{EB877F57-4555-44B6-B5F8-83A54DDD408A}.Debug|Any CPU.ActiveCfg = Debug|Any CPU
		{EB877F57-4555-44B6-B5F8-83A54DDD408A}.Debug|Any CPU.Build.0 = Debug|Any CPU
		{EB877F57-4555-44B6-B5F8-83A54DDD408A}.Release|Any CPU.ActiveCfg = Release|Any CPU
		{EB877F57-4555-44B6-B5F8-83A54DDD408A}.Release|Any CPU.Build.0 = Release|Any CPU
	EndGlobalSection
	GlobalSection(SolutionProperties) = preSolution
		HideSolutionNode = FALSE
	EndGlobalSection
	GlobalSection(ExtensibilityGlobals) = postSolution
		SolutionGuid = {2B8B9179-D080-410F-AEB2-DCC24C951970}
	EndGlobalSection
EndGlobal
