
Microsoft Visual Studio Solution File, Format Version 12.00
# Visual Studio Version 17
VisualStudioVersion = 17.3.32901.215
MinimumVisualStudioVersion = 10.0.40219.1
Project("{9A19103F-16F7-4668-BE54-9A1E7A4F7556}") = "CLI", "CLI\CLI.csproj", "{6F097608-AF9A-4926-A5D4-0B42776A911C}"
EndProject
Project("{9A19103F-16F7-4668-BE54-9A1E7A4F7556}") = "ATEA_TechnicalTask.Tests", "ATEA_TechnicalTask.Tests\ATEA_TechnicalTask.Tests.csproj", "{EB877F57-4555-44B6-B5F8-83A54DDD408A}"
EndProject
Project("{9A19103F-16F7-4668-BE54-9A1E7A4F7556}") = "DataAccess", "DataAccess\DataAccess.csproj", "{97F5A65C-513F-4E97-B592-2D78DB06D330}"
EndProject
Project("{FAE04EC0-301F-11D3-BF4B-00C04F79EFBC}") = "ATEA_TechnicalTask.Shared", "ATEA_TechnicalTask.Shared\ATEA_TechnicalTask.Shared.csproj", "{1C31D4EC-91AE-4DBB-82FD-5D60A17975CA}"
EndProject
Global
	GlobalSection(SolutionConfigurationPlatforms) = preSolution
		Debug|Any CPU = Debug|Any CPU
		Release|Any CPU = Release|Any CPU
	EndGlobalSection
	GlobalSection(ProjectConfigurationPlatforms) = postSolution
		{6F097608-AF9A-4926-A5D4-0B42776A911C}.Debug|Any CPU.ActiveCfg = Debug|Any CPU
		{6F097608-AF9A-4926-A5D4-0B42776A911C}.Debug|Any CPU.Build.0 = Debug|Any CPU
		{6F097608-AF9A-4926-A5D4-0B42776A911C}.Release|Any CPU.ActiveCfg = Release|Any CPU
		{6F097608-AF9A-4926-A5D4-0B42776A911C}.Release|Any CPU.Build.0 = Release|Any CPU
		{EB877F57-4555-44B6-B5F8-83A54DDD408A}.Debug|Any CPU.ActiveCfg = Debug|Any CPU
		{EB877F57-4555-44B6-B5F8-83A54DDD408A}.Debug|Any CPU.Build.0 = Debug|Any CPU
		{EB877F57-4555-44B6-B5F8-83A54DDD408A}.Release|Any CPU.ActiveCfg = Release|Any CPU
		{EB877F57-4555-44B6-B5F8-83A54DDD408A}.Release|Any CPU.Build.0 = Release|Any CPU
		{97F5A65C-513F-4E97-B592-2D78DB06D330}.Debug|Any CPU.ActiveCfg = Debug|Any CPU
		{97F5A65C-513F-4E97-B592-2D78DB06D330}.Debug|Any CPU.Build.0 = Debug|Any CPU
		{97F5A65C-513F-4E97-B592-2D78DB06D330}.Release|Any CPU.ActiveCfg = Release|Any CPU
		{97F5A65C-513F-4E97-B592-2D78DB06D330}.Release|Any CPU.Build.0 = Release|Any CPU
		{1C31D4EC-91AE-4DBB-82FD-5D60A17975CA}.Debug|Any CPU.ActiveCfg = Debug|Any CPU
		{1C31D4EC-91AE-4DBB-82FD-5D60A17975CA}.Debug|Any CPU.Build.0 = Debug|Any CPU
		{1C31D4EC-91AE-4DBB-82FD-5D60A17975CA}.Release|Any CPU.ActiveCfg = Release|Any CPU
		{1C31D4EC-91AE-4DBB-82FD-5D60A17975CA}.Release|Any CPU.Build.0 = Release|Any CPU
	EndGlobalSection
	GlobalSection(SolutionProperties) = preSolution
		HideSolutionNode = FALSE
	EndGlobalSection
	GlobalSection(ExtensibilityGlobals) = postSolution
		SolutionGuid = {2B8B9179-D080-410F-AEB2-DCC24C951970}
	EndGlobalSection
EndGlobal
